Microsoft Visual Studio Solution File, Format Version 10.00
# Visual C++ Express 2008
Project("{8BC9CEB8-8B4A-11D0-8D11-00A0C91BC942}") = "Window Detective", "Window Detective.vcproj", "{1E342E7A-A421-4199-9C98-7F15F13E722F}"
	ProjectSection(ProjectDependencies) = postProject
		{DF820047-29A8-46D4-9DBA-B85522739C04} = {DF820047-29A8-46D4-9DBA-B85522739C04}
	EndProjectSection
EndProject
Project("{8BC9CEB8-8B4A-11D0-8D11-00A0C91BC942}") = "WD_Hook", "hook\WD_Hook.vcproj", "{DF820047-29A8-46D4-9DBA-B85522739C04}"
EndProject
Global
	GlobalSection(SolutionConfigurationPlatforms) = preSolution
		Debug|Win32 = Debug|Win32
		Release|Win32 = Release|Win32
	EndGlobalSection
	GlobalSection(ProjectConfigurationPlatforms) = postSolution
		{1E342E7A-A421-4199-9C98-7F15F13E722F}.Debug|Win32.ActiveCfg = Debug|Win32
		{1E342E7A-A421-4199-9C98-7F15F13E722F}.Debug|Win32.Build.0 = Debug|Win32
		{1E342E7A-A421-4199-9C98-7F15F13E722F}.Release|Win32.ActiveCfg = Release|Win32
		{1E342E7A-A421-4199-9C98-7F15F13E722F}.Release|Win32.Build.0 = Release|Win32
		{DF820047-29A8-46D4-9DBA-B85522739C04}.Debug|Win32.ActiveCfg = Debug|Win32
		{DF820047-29A8-46D4-9DBA-B85522739C04}.Debug|Win32.Build.0 = Debug|Win32
		{DF820047-29A8-46D4-9DBA-B85522739C04}.Release|Win32.ActiveCfg = Release|Win32
		{DF820047-29A8-46D4-9DBA-B85522739C04}.Release|Win32.Build.0 = Release|Win32
	EndGlobalSection
	GlobalSection(SolutionProperties) = preSolution
		HideSolutionNode = FALSE
	EndGlobalSection
EndGlobal
